{
    "_meta": {
        "hash": {
            "sha256": "5b3e49ff7efbd5be854ba0a9cb340b94d1cd12f532ca9f559177d2324eff3f9e"
        },
        "pipfile-spec": 6,
        "requires": {
            "python_version": "3.5"
        },
        "sources": [
            {
                "name": "pypi",
                "url": "https://pypi.org/simple",
                "verify_ssl": true
            }
        ]
    },
    "default": {
        "selenium": {
            "hashes": [
                "sha256:1372101ad23798462038481f92ba1c7fab8385c788b05da6b44318f10ea52422",
                "sha256:b8a2630fd858636c894960726ca3c94d8277e516ea3a9d81614fb819a5844764"
            ],
            "index": "pypi",
            "version": "==3.12.0"
        }
    },
    "develop": {}
}
